
Microsoft Visual Studio Solution File, Format Version 12.00
# Visual Studio Version 17
VisualStudioVersion = 17.11.35208.52
MinimumVisualStudioVersion = 10.0.40219.1
Project("{9A19103F-16F7-4668-BE54-9A1E7A4F7556}") = "DropdownTest", "DropdownTest.csproj", "{C92C257F-D77D-45DC-BC2C-346F5ED0E58E}"
EndProject
Global
	GlobalSection(SolutionConfigurationPlatforms) = preSolution
		Debug|Any CPU = Debug|Any CPU
		Release|Any CPU = Release|Any CPU
	EndGlobalSection
	GlobalSection(ProjectConfigurationPlatforms) = postSolution
		{C92C257F-D77D-45DC-BC2C-346F5ED0E58E}.Debug|Any CPU.ActiveCfg = Debug|Any CPU
		{C92C257F-D77D-45DC-BC2C-346F5ED0E58E}.Debug|Any CPU.Build.0 = Debug|Any CPU
		{C92C257F-D77D-45DC-BC2C-346F5ED0E58E}.Release|Any CPU.ActiveCfg = Release|Any CPU
		{C92C257F-D77D-45DC-BC2C-346F5ED0E58E}.Release|Any CPU.Build.0 = Release|Any CPU
	EndGlobalSection
	GlobalSection(SolutionProperties) = preSolution
		HideSolutionNode = FALSE
	EndGlobalSection
	GlobalSection(ExtensibilityGlobals) = postSolution
		SolutionGuid = {55A344AE-6D94-42EB-BB0B-D3276068CB4D}
	EndGlobalSection
EndGlobal
